// !$*UTF8*$!
{
	archiveVersion = 1;
	classes = {
	};
	objectVersion = 50;
	objects = {

/* Begin PBXBuildFile section */
		CC8D80402339EE760050CAAB /* AppDelegate.swift in Sources */ = {isa = PBXBuildFile; fileRef = CC8D803F2339EE760050CAAB /* AppDelegate.swift */; };
		CC8D80422339EE760050CAAB /* SceneDelegate.swift in Sources */ = {isa = PBXBuildFile; fileRef = CC8D80412339EE760050CAAB /* SceneDelegate.swift */; };
		CC8D80442339EE760050CAAB /* ContentView.swift in Sources */ = {isa = PBXBuildFile; fileRef = CC8D80432339EE760050CAAB /* ContentView.swift */; };
		CC8D80462339EE780050CAAB /* Assets.xcassets in Resources */ = {isa = PBXBuildFile; fileRef = CC8D80452339EE780050CAAB /* Assets.xcassets */; };
		CC8D80492339EE780050CAAB /* Preview Assets.xcassets in Resources */ = {isa = PBXBuildFile; fileRef = CC8D80482339EE780050CAAB /* Preview Assets.xcassets */; };
		CC8D804C2339EE780050CAAB /* LaunchScreen.storyboard in Resources */ = {isa = PBXBuildFile; fileRef = CC8D804A2339EE780050CAAB /* LaunchScreen.storyboard */; };
		CC8D80572339EE780050CAAB /* SmilingTests.swift in Sources */ = {isa = PBXBuildFile; fileRef = CC8D80562339EE780050CAAB /* SmilingTests.swift */; };
		CC8D80622339EE780050CAAB /* SmilingUITests.swift in Sources */ = {isa = PBXBuildFile; fileRef = CC8D80612339EE780050CAAB /* SmilingUITests.swift */; };
/* End PBXBuildFile section */

/* Begin PBXContainerItemProxy section */
		CC8D80532339EE780050CAAB /* PBXContainerItemProxy */ = {
			isa = PBXContainerItemProxy;
			containerPortal = CC8D80342339EE760050CAAB /* Project object */;
			proxyType = 1;
			remoteGlobalIDString = CC8D803B2339EE760050CAAB;
			remoteInfo = Smiling;
		};
		CC8D805E2339EE780050CAAB /* PBXContainerItemProxy */ = {
			isa = PBXContainerItemProxy;
			containerPortal = CC8D80342339EE760050CAAB /* Project object */;
			proxyType = 1;
			remoteGlobalIDString = CC8D803B2339EE760050CAAB;
			remoteInfo = Smiling;
		};
/* End PBXContainerItemProxy section */

/* Begin PBXFileReference section */
		CC8D803C2339EE760050CAAB /* Smiling.app */ = {isa = PBXFileReference; explicitFileType = wrapper.application; includeInIndex = 0; path = Smiling.app; sourceTree = BUILT_PRODUCTS_DIR; };
		CC8D803F2339EE760050CAAB /* AppDelegate.swift */ = {isa = PBXFileReference; lastKnownFileType = sourcecode.swift; path = AppDelegate.swift; sourceTree = "<group>"; };
		CC8D80412339EE760050CAAB /* SceneDelegate.swift */ = {isa = PBXFileReference; lastKnownFileType = sourcecode.swift; path = SceneDelegate.swift; sourceTree = "<group>"; };
		CC8D80432339EE760050CAAB /* ContentView.swift */ = {isa = PBXFileReference; lastKnownFileType = sourcecode.swift; path = ContentView.swift; sourceTree = "<group>"; };
		CC8D80452339EE780050CAAB /* Assets.xcassets */ = {isa = PBXFileReference; lastKnownFileType = folder.assetcatalog; path = Assets.xcassets; sourceTree = "<group>"; };
		CC8D80482339EE780050CAAB /* Preview Assets.xcassets */ = {isa = PBXFileReference; lastKnownFileType = folder.assetcatalog; path = "Preview Assets.xcassets"; sourceTree = "<group>"; };
		CC8D804B2339EE780050CAAB /* Base */ = {isa = PBXFileReference; lastKnownFileType = file.storyboard; name = Base; path = Base.lproj/LaunchScreen.storyboard; sourceTree = "<group>"; };
		CC8D804D2339EE780050CAAB /* Info.plist */ = {isa = PBXFileReference; lastKnownFileType = text.plist.xml; path = Info.plist; sourceTree = "<group>"; };
		CC8D80522339EE780050CAAB /* SmilingTests.xctest */ = {isa = PBXFileReference; explicitFileType = wrapper.cfbundle; includeInIndex = 0; path = SmilingTests.xctest; sourceTree = BUILT_PRODUCTS_DIR; };
		CC8D80562339EE780050CAAB /* SmilingTests.swift */ = {isa = PBXFileReference; lastKnownFileType = sourcecode.swift; path = SmilingTests.swift; sourceTree = "<group>"; };
		CC8D80582339EE780050CAAB /* Info.plist */ = {isa = PBXFileReference; lastKnownFileType = text.plist.xml; path = Info.plist; sourceTree = "<group>"; };
		CC8D805D2339EE780050CAAB /* SmilingUITests.xctest */ = {isa = PBXFileReference; explicitFileType = wrapper.cfbundle; includeInIndex = 0; path = SmilingUITests.xctest; sourceTree = BUILT_PRODUCTS_DIR; };
		CC8D80612339EE780050CAAB /* SmilingUITests.swift */ = {isa = PBXFileReference; lastKnownFileType = sourcecode.swift; path = SmilingUITests.swift; sourceTree = "<group>"; };
		CC8D80632339EE780050CAAB /* Info.plist */ = {isa = PBXFileReference; lastKnownFileType = text.plist.xml; path = Info.plist; sourceTree = "<group>"; };
/* End PBXFileReference section */

/* Begin PBXFrameworksBuildPhase section */
		CC8D80392339EE760050CAAB /* Frameworks */ = {
			isa = PBXFrameworksBuildPhase;
			buildActionMask = 2147483647;
			files = (
			);
			runOnlyForDeploymentPostprocessing = 0;
		};
		CC8D804F2339EE780050CAAB /* Frameworks */ = {
			isa = PBXFrameworksBuildPhase;
			buildActionMask = 2147483647;
			files = (
			);
			runOnlyForDeploymentPostprocessing = 0;
		};
		CC8D805A2339EE780050CAAB /* Frameworks */ = {
			isa = PBXFrameworksBuildPhase;
			buildActionMask = 2147483647;
			files = (
			);
			runOnlyForDeploymentPostprocessing = 0;
		};
/* End PBXFrameworksBuildPhase section */

/* Begin PBXGroup section */
		CC8D80332339EE760050CAAB = {
			isa = PBXGroup;
			children = (
				CC8D803E2339EE760050CAAB /* Smiling */,
				CC8D80552339EE780050CAAB /* SmilingTests */,
				CC8D80602339EE780050CAAB /* SmilingUITests */,
				CC8D803D2339EE760050CAAB /* Products */,
			);
			sourceTree = "<group>";
		};
		CC8D803D2339EE760050CAAB /* Products */ = {
			isa = PBXGroup;
			children = (
				CC8D803C2339EE760050CAAB /* Smiling.app */,
				CC8D80522339EE780050CAAB /* SmilingTests.xctest */,
				CC8D805D2339EE780050CAAB /* SmilingUITests.xctest */,
			);
			name = Products;
			sourceTree = "<group>";
		};
		CC8D803E2339EE760050CAAB /* Smiling */ = {
			isa = PBXGroup;
			children = (
				CC8D803F2339EE760050CAAB /* AppDelegate.swift */,
				CC8D80412339EE760050CAAB /* SceneDelegate.swift */,
				CC8D80432339EE760050CAAB /* ContentView.swift */,
				CC8D80452339EE780050CAAB /* Assets.xcassets */,
				CC8D804A2339EE780050CAAB /* LaunchScreen.storyboard */,
				CC8D804D2339EE780050CAAB /* Info.plist */,
				CC8D80472339EE780050CAAB /* Preview Content */,
			);
			path = Smiling;
			sourceTree = "<group>";
		};
		CC8D80472339EE780050CAAB /* Preview Content */ = {
			isa = PBXGroup;
			children = (
				CC8D80482339EE780050CAAB /* Preview Assets.xcassets */,
			);
			path = "Preview Content";
			sourceTree = "<group>";
		};
		CC8D80552339EE780050CAAB /* SmilingTests */ = {
			isa = PBXGroup;
			children = (
				CC8D80562339EE780050CAAB /* SmilingTests.swift */,
				CC8D80582339EE780050CAAB /* Info.plist */,
			);
			path = SmilingTests;
			sourceTree = "<group>";
		};
		CC8D80602339EE780050CAAB /* SmilingUITests */ = {
			isa = PBXGroup;
			children = (
				CC8D80612339EE780050CAAB /* SmilingUITests.swift */,
				CC8D80632339EE780050CAAB /* Info.plist */,
			);
			path = SmilingUITests;
			sourceTree = "<group>";
		};
/* End PBXGroup section */

/* Begin PBXNativeTarget section */
		CC8D803B2339EE760050CAAB /* Smiling */ = {
			isa = PBXNativeTarget;
			buildConfigurationList = CC8D80662339EE780050CAAB /* Build configuration list for PBXNativeTarget "Smiling" */;
			buildPhases = (
				CC8D80382339EE760050CAAB /* Sources */,
				CC8D80392339EE760050CAAB /* Frameworks */,
				CC8D803A2339EE760050CAAB /* Resources */,
			);
			buildRules = (
			);
			dependencies = (
			);
			name = Smiling;
			productName = Smiling;
			productReference = CC8D803C2339EE760050CAAB /* Smiling.app */;
			productType = "com.apple.product-type.application";
		};
		CC8D80512339EE780050CAAB /* SmilingTests */ = {
			isa = PBXNativeTarget;
			buildConfigurationList = CC8D80692339EE780050CAAB /* Build configuration list for PBXNativeTarget "SmilingTests" */;
			buildPhases = (
				CC8D804E2339EE780050CAAB /* Sources */,
				CC8D804F2339EE780050CAAB /* Frameworks */,
				CC8D80502339EE780050CAAB /* Resources */,
			);
			buildRules = (
			);
			dependencies = (
				CC8D80542339EE780050CAAB /* PBXTargetDependency */,
			);
			name = SmilingTests;
			productName = SmilingTests;
			productReference = CC8D80522339EE780050CAAB /* SmilingTests.xctest */;
			productType = "com.apple.product-type.bundle.unit-test";
		};
		CC8D805C2339EE780050CAAB /* SmilingUITests */ = {
			isa = PBXNativeTarget;
			buildConfigurationList = CC8D806C2339EE780050CAAB /* Build configuration list for PBXNativeTarget "SmilingUITests" */;
			buildPhases = (
				CC8D80592339EE780050CAAB /* Sources */,
				CC8D805A2339EE780050CAAB /* Frameworks */,
				CC8D805B2339EE780050CAAB /* Resources */,
			);
			buildRules = (
			);
			dependencies = (
				CC8D805F2339EE780050CAAB /* PBXTargetDependency */,
			);
			name = SmilingUITests;
			productName = SmilingUITests;
			productReference = CC8D805D2339EE780050CAAB /* SmilingUITests.xctest */;
			productType = "com.apple.product-type.bundle.ui-testing";
		};
/* End PBXNativeTarget section */

/* Begin PBXProject section */
		CC8D80342339EE760050CAAB /* Project object */ = {
			isa = PBXProject;
			attributes = {
				LastSwiftUpdateCheck = 1100;
				LastUpgradeCheck = 1100;
				ORGANIZATIONNAME = "Shoma Kato";
				TargetAttributes = {
					CC8D803B2339EE760050CAAB = {
						CreatedOnToolsVersion = 11.0;
					};
					CC8D80512339EE780050CAAB = {
						CreatedOnToolsVersion = 11.0;
						TestTargetID = CC8D803B2339EE760050CAAB;
					};
					CC8D805C2339EE780050CAAB = {
						CreatedOnToolsVersion = 11.0;
						TestTargetID = CC8D803B2339EE760050CAAB;
					};
				};
			};
			buildConfigurationList = CC8D80372339EE760050CAAB /* Build configuration list for PBXProject "Smiling" */;
			compatibilityVersion = "Xcode 9.3";
			developmentRegion = en;
			hasScannedForEncodings = 0;
			knownRegions = (
				en,
				Base,
			);
			mainGroup = CC8D80332339EE760050CAAB;
			productRefGroup = CC8D803D2339EE760050CAAB /* Products */;
			projectDirPath = "";
			projectRoot = "";
			targets = (
				CC8D803B2339EE760050CAAB /* Smiling */,
				CC8D80512339EE780050CAAB /* SmilingTests */,
				CC8D805C2339EE780050CAAB /* SmilingUITests */,
			);
		};
/* End PBXProject section */

/* Begin PBXResourcesBuildPhase section */
		CC8D803A2339EE760050CAAB /* Resources */ = {
			isa = PBXResourcesBuildPhase;
			buildActionMask = 2147483647;
			files = (
				CC8D804C2339EE780050CAAB /* LaunchScreen.storyboard in Resources */,
				CC8D80492339EE780050CAAB /* Preview Assets.xcassets in Resources */,
				CC8D80462339EE780050CAAB /* Assets.xcassets in Resources */,
			);
			runOnlyForDeploymentPostprocessing = 0;
		};
		CC8D80502339EE780050CAAB /* Resources */ = {
			isa = PBXResourcesBuildPhase;
			buildActionMask = 2147483647;
			files = (
			);
			runOnlyForDeploymentPostprocessing = 0;
		};
		CC8D805B2339EE780050CAAB /* Resources */ = {
			isa = PBXResourcesBuildPhase;
			buildActionMask = 2147483647;
			files = (
			);
			runOnlyForDeploymentPostprocessing = 0;
		};
/* End PBXResourcesBuildPhase section */

/* Begin PBXSourcesBuildPhase section */
		CC8D80382339EE760050CAAB /* Sources */ = {
			isa = PBXSourcesBuildPhase;
			buildActionMask = 2147483647;
			files = (
				CC8D80402339EE760050CAAB /* AppDelegate.swift in Sources */,
				CC8D80422339EE760050CAAB /* SceneDelegate.swift in Sources */,
				CC8D80442339EE760050CAAB /* ContentView.swift in Sources */,
			);
			runOnlyForDeploymentPostprocessing = 0;
		};
		CC8D804E2339EE780050CAAB /* Sources */ = {
			isa = PBXSourcesBuildPhase;
			buildActionMask = 2147483647;
			files = (
				CC8D80572339EE780050CAAB /* SmilingTests.swift in Sources */,
			);
			runOnlyForDeploymentPostprocessing = 0;
		};
		CC8D80592339EE780050CAAB /* Sources */ = {
			isa = PBXSourcesBuildPhase;
			buildActionMask = 2147483647;
			files = (
				CC8D80622339EE780050CAAB /* SmilingUITests.swift in Sources */,
			);
			runOnlyForDeploymentPostprocessing = 0;
		};
/* End PBXSourcesBuildPhase section */

/* Begin PBXTargetDependency section */
		CC8D80542339EE780050CAAB /* PBXTargetDependency */ = {
			isa = PBXTargetDependency;
			target = CC8D803B2339EE760050CAAB /* Smiling */;
			targetProxy = CC8D80532339EE780050CAAB /* PBXContainerItemProxy */;
		};
		CC8D805F2339EE780050CAAB /* PBXTargetDependency */ = {
			isa = PBXTargetDependency;
			target = CC8D803B2339EE760050CAAB /* Smiling */;
			targetProxy = CC8D805E2339EE780050CAAB /* PBXContainerItemProxy */;
		};
/* End PBXTargetDependency section */

/* Begin PBXVariantGroup section */
		CC8D804A2339EE780050CAAB /* LaunchScreen.storyboard */ = {
			isa = PBXVariantGroup;
			children = (
				CC8D804B2339EE780050CAAB /* Base */,
			);
			name = LaunchScreen.storyboard;
			sourceTree = "<group>";
		};
/* End PBXVariantGroup section */

/* Begin XCBuildConfiguration section */
		CC8D80642339EE780050CAAB /* Debug */ = {
			isa = XCBuildConfiguration;
			buildSettings = {
				ALWAYS_SEARCH_USER_PATHS = NO;
				CLANG_ANALYZER_NONNULL = YES;
				CLANG_ANALYZER_NUMBER_OBJECT_CONVERSION = YES_AGGRESSIVE;
				CLANG_CXX_LANGUAGE_STANDARD = "gnu++14";
				CLANG_CXX_LIBRARY = "libc++";
				CLANG_ENABLE_MODULES = YES;
				CLANG_ENABLE_OBJC_ARC = YES;
				CLANG_ENABLE_OBJC_WEAK = YES;
				CLANG_WARN_BLOCK_CAPTURE_AUTORELEASING = YES;
				CLANG_WARN_BOOL_CONVERSION = YES;
				CLANG_WARN_COMMA = YES;
				CLANG_WARN_CONSTANT_CONVERSION = YES;
				CLANG_WARN_DEPRECATED_OBJC_IMPLEMENTATIONS = YES;
				CLANG_WARN_DIRECT_OBJC_ISA_USAGE = YES_ERROR;
				CLANG_WARN_DOCUMENTATION_COMMENTS = YES;
				CLANG_WARN_EMPTY_BODY = YES;
				CLANG_WARN_ENUM_CONVERSION = YES;
				CLANG_WARN_INFINITE_RECURSION = YES;
				CLANG_WARN_INT_CONVERSION = YES;
				CLANG_WARN_NON_LITERAL_NULL_CONVERSION = YES;
				CLANG_WARN_OBJC_IMPLICIT_RETAIN_SELF = YES;
				CLANG_WARN_OBJC_LITERAL_CONVERSION = YES;
				CLANG_WARN_OBJC_ROOT_CLASS = YES_ERROR;
				CLANG_WARN_RANGE_LOOP_ANALYSIS = YES;
				CLANG_WARN_STRICT_PROTOTYPES = YES;
				CLANG_WARN_SUSPICIOUS_MOVE = YES;
				CLANG_WARN_UNGUARDED_AVAILABILITY = YES_AGGRESSIVE;
				CLANG_WARN_UNREACHABLE_CODE = YES;
				CLANG_WARN__DUPLICATE_METHOD_MATCH = YES;
				COPY_PHASE_STRIP = NO;
				DEBUG_INFORMATION_FORMAT = dwarf;
				ENABLE_STRICT_OBJC_MSGSEND = YES;
				ENABLE_TESTABILITY = YES;
				GCC_C_LANGUAGE_STANDARD = gnu11;
				GCC_DYNAMIC_NO_PIC = NO;
				GCC_NO_COMMON_BLOCKS = YES;
				GCC_OPTIMIZATION_LEVEL = 0;
				GCC_PREPROCESSOR_DEFINITIONS = (
					"DEBUG=1",
					"$(inherited)",
				);
				GCC_WARN_64_TO_32_BIT_CONVERSION = YES;
				GCC_WARN_ABOUT_RETURN_TYPE = YES_ERROR;
				GCC_WARN_UNDECLARED_SELECTOR = YES;
				GCC_WARN_UNINITIALIZED_AUTOS = YES_AGGRESSIVE;
				GCC_WARN_UNUSED_FUNCTION = YES;
				GCC_WARN_UNUSED_VARIABLE = YES;
				IPHONEOS_DEPLOYMENT_TARGET = 13.0;
				MTL_ENABLE_DEBUG_INFO = INCLUDE_SOURCE;
				MTL_FAST_MATH = YES;
				ONLY_ACTIVE_ARCH = YES;
				SDKROOT = iphoneos;
				SWIFT_ACTIVE_COMPILATION_CONDITIONS = DEBUG;
				SWIFT_OPTIMIZATION_LEVEL = "-Onone";
			};
			name = Debug;
		};
		CC8D80652339EE780050CAAB /* Release */ = {
			isa = XCBuildConfiguration;
			buildSettings = {
				ALWAYS_SEARCH_USER_PATHS = NO;
				CLANG_ANALYZER_NONNULL = YES;
				CLANG_ANALYZER_NUMBER_OBJECT_CONVERSION = YES_AGGRESSIVE;
				CLANG_CXX_LANGUAGE_STANDARD = "gnu++14";
				CLANG_CXX_LIBRARY = "libc++";
				CLANG_ENABLE_MODULES = YES;
				CLANG_ENABLE_OBJC_ARC = YES;
				CLANG_ENABLE_OBJC_WEAK = YES;
				CLANG_WARN_BLOCK_CAPTURE_AUTORELEASING = YES;
				CLANG_WARN_BOOL_CONVERSION = YES;
				CLANG_WARN_COMMA = YES;
				CLANG_WARN_CONSTANT_CONVERSION = YES;
				CLANG_WARN_DEPRECATED_OBJC_IMPLEMENTATIONS = YES;
				CLANG_WARN_DIRECT_OBJC_ISA_USAGE = YES_ERROR;
				CLANG_WARN_DOCUMENTATION_COMMENTS = YES;
				CLANG_WARN_EMPTY_BODY = YES;
				CLANG_WARN_ENUM_CONVERSION = YES;
				CLANG_WARN_INFINITE_RECURSION = YES;
				CLANG_WARN_INT_CONVERSION = YES;
				CLANG_WARN_NON_LITERAL_NULL_CONVERSION = YES;
				CLANG_WARN_OBJC_IMPLICIT_RETAIN_SELF = YES;
				CLANG_WARN_OBJC_LITERAL_CONVERSION = YES;
				CLANG_WARN_OBJC_ROOT_CLASS = YES_ERROR;
				CLANG_WARN_RANGE_LOOP_ANALYSIS = YES;
				CLANG_WARN_STRICT_PROTOTYPES = YES;
				CLANG_WARN_SUSPICIOUS_MOVE = YES;
				CLANG_WARN_UNGUARDED_AVAILABILITY = YES_AGGRESSIVE;
				CLANG_WARN_UNREACHABLE_CODE = YES;
				CLANG_WARN__DUPLICATE_METHOD_MATCH = YES;
				COPY_PHASE_STRIP = NO;
				DEBUG_INFORMATION_FORMAT = "dwarf-with-dsym";
				ENABLE_NS_ASSERTIONS = NO;
				ENABLE_STRICT_OBJC_MSGSEND = YES;
				GCC_C_LANGUAGE_STANDARD = gnu11;
				GCC_NO_COMMON_BLOCKS = YES;
				GCC_WARN_64_TO_32_BIT_CONVERSION = YES;
				GCC_WARN_ABOUT_RETURN_TYPE = YES_ERROR;
				GCC_WARN_UNDECLARED_SELECTOR = YES;
				GCC_WARN_UNINITIALIZED_AUTOS = YES_AGGRESSIVE;
				GCC_WARN_UNUSED_FUNCTION = YES;
				GCC_WARN_UNUSED_VARIABLE = YES;
				IPHONEOS_DEPLOYMENT_TARGET = 13.0;
				MTL_ENABLE_DEBUG_INFO = NO;
				MTL_FAST_MATH = YES;
				SDKROOT = iphoneos;
				SWIFT_COMPILATION_MODE = wholemodule;
				SWIFT_OPTIMIZATION_LEVEL = "-O";
				VALIDATE_PRODUCT = YES;
			};
			name = Release;
		};
		CC8D80672339EE780050CAAB /* Debug */ = {
			isa = XCBuildConfiguration;
			buildSettings = {
				ASSETCATALOG_COMPILER_APPICON_NAME = AppIcon;
				CODE_SIGN_STYLE = Automatic;
				DEVELOPMENT_ASSET_PATHS = "\"Smiling/Preview Content\"";
				DEVELOPMENT_TEAM = 74R627M8V7;
				ENABLE_PREVIEWS = YES;
				INFOPLIST_FILE = Smiling/Info.plist;
				LD_RUNPATH_SEARCH_PATHS = (
					"$(inherited)",
					"@executable_path/Frameworks",
				);
				PRODUCT_BUNDLE_IDENTIFIER = army.sh.Smiling;
				PRODUCT_NAME = "$(TARGET_NAME)";
				SWIFT_VERSION = 5.0;
				TARGETED_DEVICE_FAMILY = "1,2";
			};
			name = Debug;
		};
		CC8D80682339EE780050CAAB /* Release */ = {
			isa = XCBuildConfiguration;
			buildSettings = {
				ASSETCATALOG_COMPILER_APPICON_NAME = AppIcon;
				CODE_SIGN_STYLE = Automatic;
				DEVELOPMENT_ASSET_PATHS = "\"Smiling/Preview Content\"";
				DEVELOPMENT_TEAM = 74R627M8V7;
				ENABLE_PREVIEWS = YES;
				INFOPLIST_FILE = Smiling/Info.plist;
				LD_RUNPATH_SEARCH_PATHS = (
					"$(inherited)",
					"@executable_path/Frameworks",
				);
				PRODUCT_BUNDLE_IDENTIFIER = army.sh.Smiling;
				PRODUCT_NAME = "$(TARGET_NAME)";
				SWIFT_VERSION = 5.0;
				TARGETED_DEVICE_FAMILY = "1,2";
			};
			name = Release;
		};
		CC8D806A2339EE780050CAAB /* Debug */ = {
			isa = XCBuildConfiguration;
			buildSettings = {
				ALWAYS_EMBED_SWIFT_STANDARD_LIBRARIES = YES;
				BUNDLE_LOADER = "$(TEST_HOST)";
				CODE_SIGN_STYLE = Automatic;
				DEVELOPMENT_TEAM = 74R627M8V7;
				INFOPLIST_FILE = SmilingTests/Info.plist;
				IPHONEOS_DEPLOYMENT_TARGET = 13.0;
				LD_RUNPATH_SEARCH_PATHS = (
					"$(inherited)",
					"@executable_path/Frameworks",
					"@loader_path/Frameworks",
				);
				PRODUCT_BUNDLE_IDENTIFIER = army.sh.SmilingTests;
				PRODUCT_NAME = "$(TARGET_NAME)";
				SWIFT_VERSION = 5.0;
				TARGETED_DEVICE_FAMILY = "1,2";
				TEST_HOST = "$(BUILT_PRODUCTS_DIR)/Smiling.app/Smiling";
			};
			name = Debug;
		};
		CC8D806B2339EE780050CAAB /* Release */ = {
			isa = XCBuildConfiguration;
			buildSettings = {
				ALWAYS_EMBED_SWIFT_STANDARD_LIBRARIES = YES;
				BUNDLE_LOADER = "$(TEST_HOST)";
				CODE_SIGN_STYLE = Automatic;
				DEVELOPMENT_TEAM = 74R627M8V7;
				INFOPLIST_FILE = SmilingTests/Info.plist;
				IPHONEOS_DEPLOYMENT_TARGET = 13.0;
				LD_RUNPATH_SEARCH_PATHS = (
					"$(inherited)",
					"@executable_path/Frameworks",
					"@loader_path/Frameworks",
				);
				PRODUCT_BUNDLE_IDENTIFIER = army.sh.SmilingTests;
				PRODUCT_NAME = "$(TARGET_NAME)";
				SWIFT_VERSION = 5.0;
				TARGETED_DEVICE_FAMILY = "1,2";
				TEST_HOST = "$(BUILT_PRODUCTS_DIR)/Smiling.app/Smiling";
			};
			name = Release;
		};
		CC8D806D2339EE780050CAAB /* Debug */ = {
			isa = XCBuildConfiguration;
			buildSettings = {
				ALWAYS_EMBED_SWIFT_STANDARD_LIBRARIES = YES;
				CODE_SIGN_STYLE = Automatic;
				DEVELOPMENT_TEAM = 74R627M8V7;
				INFOPLIST_FILE = SmilingUITests/Info.plist;
				LD_RUNPATH_SEARCH_PATHS = (
					"$(inherited)",
					"@executable_path/Frameworks",
					"@loader_path/Frameworks",
				);
				PRODUCT_BUNDLE_IDENTIFIER = army.sh.SmilingUITests;
				PRODUCT_NAME = "$(TARGET_NAME)";
				SWIFT_VERSION = 5.0;
				TARGETED_DEVICE_FAMILY = "1,2";
				TEST_TARGET_NAME = Smiling;
			};
			name = Debug;
		};
		CC8D806E2339EE780050CAAB /* Release */ = {
			isa = XCBuildConfiguration;
			buildSettings = {
				ALWAYS_EMBED_SWIFT_STANDARD_LIBRARIES = YES;
				CODE_SIGN_STYLE = Automatic;
				DEVELOPMENT_TEAM = 74R627M8V7;
				INFOPLIST_FILE = SmilingUITests/Info.plist;
				LD_RUNPATH_SEARCH_PATHS = (
					"$(inherited)",
					"@executable_path/Frameworks",
					"@loader_path/Frameworks",
				);
				PRODUCT_BUNDLE_IDENTIFIER = army.sh.SmilingUITests;
				PRODUCT_NAME = "$(TARGET_NAME)";
				SWIFT_VERSION = 5.0;
				TARGETED_DEVICE_FAMILY = "1,2";
				TEST_TARGET_NAME = Smiling;
			};
			name = Release;
		};
/* End XCBuildConfiguration section */

/* Begin XCConfigurationList section */
		CC8D80372339EE760050CAAB /* Build configuration list for PBXProject "Smiling" */ = {
			isa = XCConfigurationList;
			buildConfigurations = (
				CC8D80642339EE780050CAAB /* Debug */,
				CC8D80652339EE780050CAAB /* Release */,
			);
			defaultConfigurationIsVisible = 0;
			defaultConfigurationName = Release;
		};
		CC8D80662339EE780050CAAB /* Build configuration list for PBXNativeTarget "Smiling" */ = {
			isa = XCConfigurationList;
			buildConfigurations = (
				CC8D80672339EE780050CAAB /* Debug */,
				CC8D80682339EE780050CAAB /* Release */,
			);
			defaultConfigurationIsVisible = 0;
			defaultConfigurationName = Release;
		};
		CC8D80692339EE780050CAAB /* Build configuration list for PBXNativeTarget "SmilingTests" */ = {
			isa = XCConfigurationList;
			buildConfigurations = (
				CC8D806A2339EE780050CAAB /* Debug */,
				CC8D806B2339EE780050CAAB /* Release */,
			);
			defaultConfigurationIsVisible = 0;
			defaultConfigurationName = Release;
		};
		CC8D806C2339EE780050CAAB /* Build configuration list for PBXNativeTarget "SmilingUITests" */ = {
			isa = XCConfigurationList;
			buildConfigurations = (
				CC8D806D2339EE780050CAAB /* Debug */,
				CC8D806E2339EE780050CAAB /* Release */,
			);
			defaultConfigurationIsVisible = 0;
			defaultConfigurationName = Release;
		};
/* End XCConfigurationList section */
	};
	rootObject = CC8D80342339EE760050CAAB /* Project object */;
}
